
Microsoft Visual Studio Solution File, Format Version 12.00
# Visual Studio Version 17
VisualStudioVersion = 17.9.34728.123
MinimumVisualStudioVersion = 10.0.40219.1
Project("{FAE04EC0-301F-11D3-BF4B-00C04F79EFBC}") = "StudentProfile", "StudentProfile\StudentProfile.csproj", "{3141EF56-21F0-4494-9A10-1AD5C8A6AF3E}"
EndProject
Global
	GlobalSection(SolutionConfigurationPlatforms) = preSolution
		Debug|Any CPU = Debug|Any CPU
		Release|Any CPU = Release|Any CPU
	EndGlobalSection
	GlobalSection(ProjectConfigurationPlatforms) = postSolution
		{3141EF56-21F0-4494-9A10-1AD5C8A6AF3E}.Debug|Any CPU.ActiveCfg = Debug|Any CPU
		{3141EF56-21F0-4494-9A10-1AD5C8A6AF3E}.Debug|Any CPU.Build.0 = Debug|Any CPU
		{3141EF56-21F0-4494-9A10-1AD5C8A6AF3E}.Release|Any CPU.ActiveCfg = Release|Any CPU
		{3141EF56-21F0-4494-9A10-1AD5C8A6AF3E}.Release|Any CPU.Build.0 = Release|Any CPU
	EndGlobalSection
	GlobalSection(SolutionProperties) = preSolution
		HideSolutionNode = FALSE
	EndGlobalSection
	GlobalSection(ExtensibilityGlobals) = postSolution
		SolutionGuid = {C1E202CE-D2C1-4DC5-B8A5-96821A316BC3}
	EndGlobalSection
EndGlobal
